// !$*UTF8*$!
{
	archiveVersion = 1;
	classes = {
	};
	objectVersion = 46;
	objects = {

/* Begin PBXBuildFile section */
		823276FD1F429F2B000DD967 /* AppDelegate.swift in Sources */ = {isa = PBXBuildFile; fileRef = 823276FC1F429F2B000DD967 /* AppDelegate.swift */; };
		823276FF1F429F2B000DD967 /* ViewController.swift in Sources */ = {isa = PBXBuildFile; fileRef = 823276FE1F429F2B000DD967 /* ViewController.swift */; };
		823277021F429F2B000DD967 /* Main.storyboard in Resources */ = {isa = PBXBuildFile; fileRef = 823277001F429F2B000DD967 /* Main.storyboard */; };
		823277051F429F2B000DD967 /* CoreDataDemo.xcdatamodeld in Sources */ = {isa = PBXBuildFile; fileRef = 823277031F429F2B000DD967 /* CoreDataDemo.xcdatamodeld */; };
		823277071F429F2B000DD967 /* Assets.xcassets in Resources */ = {isa = PBXBuildFile; fileRef = 823277061F429F2B000DD967 /* Assets.xcassets */; };
		8232770A1F429F2B000DD967 /* LaunchScreen.storyboard in Resources */ = {isa = PBXBuildFile; fileRef = 823277081F429F2B000DD967 /* LaunchScreen.storyboard */; };
		823277151F42B0DF000DD967 /* Employee+CoreDataClass.swift in Sources */ = {isa = PBXBuildFile; fileRef = 823277111F42B0DF000DD967 /* Employee+CoreDataClass.swift */; };
		823277161F42B0DF000DD967 /* Employee+CoreDataProperties.swift in Sources */ = {isa = PBXBuildFile; fileRef = 823277121F42B0DF000DD967 /* Employee+CoreDataProperties.swift */; };
		823277171F42B0DF000DD967 /* Department+CoreDataClass.swift in Sources */ = {isa = PBXBuildFile; fileRef = 823277131F42B0DF000DD967 /* Department+CoreDataClass.swift */; };
		823277181F42B0DF000DD967 /* Department+CoreDataProperties.swift in Sources */ = {isa = PBXBuildFile; fileRef = 823277141F42B0DF000DD967 /* Department+CoreDataProperties.swift */; };
/* End PBXBuildFile section */

/* Begin PBXFileReference section */
		823276F91F429F2B000DD967 /* CoreDataDemo.app */ = {isa = PBXFileReference; explicitFileType = wrapper.application; includeInIndex = 0; path = CoreDataDemo.app; sourceTree = BUILT_PRODUCTS_DIR; };
		823276FC1F429F2B000DD967 /* AppDelegate.swift */ = {isa = PBXFileReference; lastKnownFileType = sourcecode.swift; path = AppDelegate.swift; sourceTree = "<group>"; };
		823276FE1F429F2B000DD967 /* ViewController.swift */ = {isa = PBXFileReference; lastKnownFileType = sourcecode.swift; path = ViewController.swift; sourceTree = "<group>"; };
		823277011F429F2B000DD967 /* Base */ = {isa = PBXFileReference; lastKnownFileType = file.storyboard; name = Base; path = Base.lproj/Main.storyboard; sourceTree = "<group>"; };
		823277041F429F2B000DD967 /* CoreDataDemo.xcdatamodel */ = {isa = PBXFileReference; lastKnownFileType = wrapper.xcdatamodel; path = CoreDataDemo.xcdatamodel; sourceTree = "<group>"; };
		823277061F429F2B000DD967 /* Assets.xcassets */ = {isa = PBXFileReference; lastKnownFileType = folder.assetcatalog; path = Assets.xcassets; sourceTree = "<group>"; };
		823277091F429F2B000DD967 /* Base */ = {isa = PBXFileReference; lastKnownFileType = file.storyboard; name = Base; path = Base.lproj/LaunchScreen.storyboard; sourceTree = "<group>"; };
		8232770B1F429F2B000DD967 /* Info.plist */ = {isa = PBXFileReference; lastKnownFileType = text.plist.xml; path = Info.plist; sourceTree = "<group>"; };
		823277111F42B0DF000DD967 /* Employee+CoreDataClass.swift */ = {isa = PBXFileReference; fileEncoding = 4; lastKnownFileType = sourcecode.swift; path = "Employee+CoreDataClass.swift"; sourceTree = "<group>"; };
		823277121F42B0DF000DD967 /* Employee+CoreDataProperties.swift */ = {isa = PBXFileReference; fileEncoding = 4; lastKnownFileType = sourcecode.swift; path = "Employee+CoreDataProperties.swift"; sourceTree = "<group>"; };
		823277131F42B0DF000DD967 /* Department+CoreDataClass.swift */ = {isa = PBXFileReference; fileEncoding = 4; lastKnownFileType = sourcecode.swift; path = "Department+CoreDataClass.swift"; sourceTree = "<group>"; };
		823277141F42B0DF000DD967 /* Department+CoreDataProperties.swift */ = {isa = PBXFileReference; fileEncoding = 4; lastKnownFileType = sourcecode.swift; path = "Department+CoreDataProperties.swift"; sourceTree = "<group>"; };
/* End PBXFileReference section */

/* Begin PBXFrameworksBuildPhase section */
		823276F61F429F2B000DD967 /* Frameworks */ = {
			isa = PBXFrameworksBuildPhase;
			buildActionMask = 2147483647;
			files = (
			);
			runOnlyForDeploymentPostprocessing = 0;
		};
/* End PBXFrameworksBuildPhase section */

/* Begin PBXGroup section */
		823276F01F429F2B000DD967 = {
			isa = PBXGroup;
			children = (
				823277111F42B0DF000DD967 /* Employee+CoreDataClass.swift */,
				823277121F42B0DF000DD967 /* Employee+CoreDataProperties.swift */,
				823277131F42B0DF000DD967 /* Department+CoreDataClass.swift */,
				823277141F42B0DF000DD967 /* Department+CoreDataProperties.swift */,
				823276FB1F429F2B000DD967 /* CoreDataDemo */,
				823276FA1F429F2B000DD967 /* Products */,
			);
			sourceTree = "<group>";
		};
		823276FA1F429F2B000DD967 /* Products */ = {
			isa = PBXGroup;
			children = (
				823276F91F429F2B000DD967 /* CoreDataDemo.app */,
			);
			name = Products;
			sourceTree = "<group>";
		};
		823276FB1F429F2B000DD967 /* CoreDataDemo */ = {
			isa = PBXGroup;
			children = (
				823276FC1F429F2B000DD967 /* AppDelegate.swift */,
				823276FE1F429F2B000DD967 /* ViewController.swift */,
				823277001F429F2B000DD967 /* Main.storyboard */,
				823277061F429F2B000DD967 /* Assets.xcassets */,
				823277081F429F2B000DD967 /* LaunchScreen.storyboard */,
				8232770B1F429F2B000DD967 /* Info.plist */,
				823277031F429F2B000DD967 /* CoreDataDemo.xcdatamodeld */,
			);
			path = CoreDataDemo;
			sourceTree = "<group>";
		};
/* End PBXGroup section */

/* Begin PBXNativeTarget section */
		823276F81F429F2B000DD967 /* CoreDataDemo */ = {
			isa = PBXNativeTarget;
			buildConfigurationList = 8232770E1F429F2B000DD967 /* Build configuration list for PBXNativeTarget "CoreDataDemo" */;
			buildPhases = (
				823276F51F429F2B000DD967 /* Sources */,
				823276F61F429F2B000DD967 /* Frameworks */,
				823276F71F429F2B000DD967 /* Resources */,
			);
			buildRules = (
			);
			dependencies = (
			);
			name = CoreDataDemo;
			productName = CoreDataDemo;
			productReference = 823276F91F429F2B000DD967 /* CoreDataDemo.app */;
			productType = "com.apple.product-type.application";
		};
/* End PBXNativeTarget section */

/* Begin PBXProject section */
		823276F11F429F2B000DD967 /* Project object */ = {
			isa = PBXProject;
			attributes = {
				LastSwiftUpdateCheck = 0830;
				LastUpgradeCheck = 0830;
				ORGANIZATIONNAME = "Rajesh Sammita";
				TargetAttributes = {
					823276F81F429F2B000DD967 = {
						CreatedOnToolsVersion = 8.3.3;
						ProvisioningStyle = Automatic;
					};
				};
			};
			buildConfigurationList = 823276F41F429F2B000DD967 /* Build configuration list for PBXProject "CoreDataDemo" */;
			compatibilityVersion = "Xcode 3.2";
			developmentRegion = English;
			hasScannedForEncodings = 0;
			knownRegions = (
				en,
				Base,
			);
			mainGroup = 823276F01F429F2B000DD967;
			productRefGroup = 823276FA1F429F2B000DD967 /* Products */;
			projectDirPath = "";
			projectRoot = "";
			targets = (
				823276F81F429F2B000DD967 /* CoreDataDemo */,
			);
		};
/* End PBXProject section */

/* Begin PBXResourcesBuildPhase section */
		823276F71F429F2B000DD967 /* Resources */ = {
			isa = PBXResourcesBuildPhase;
			buildActionMask = 2147483647;
			files = (
				8232770A1F429F2B000DD967 /* LaunchScreen.storyboard in Resources */,
				823277071F429F2B000DD967 /* Assets.xcassets in Resources */,
				823277021F429F2B000DD967 /* Main.storyboard in Resources */,
			);
			runOnlyForDeploymentPostprocessing = 0;
		};
/* End PBXResourcesBuildPhase section */

/* Begin PBXSourcesBuildPhase section */
		823276F51F429F2B000DD967 /* Sources */ = {
			isa = PBXSourcesBuildPhase;
			buildActionMask = 2147483647;
			files = (
				823276FF1F429F2B000DD967 /* ViewController.swift in Sources */,
				823277051F429F2B000DD967 /* CoreDataDemo.xcdatamodeld in Sources */,
				823276FD1F429F2B000DD967 /* AppDelegate.swift in Sources */,
				823277171F42B0DF000DD967 /* Department+CoreDataClass.swift in Sources */,
				823277151F42B0DF000DD967 /* Employee+CoreDataClass.swift in Sources */,
				823277181F42B0DF000DD967 /* Department+CoreDataProperties.swift in Sources */,
				823277161F42B0DF000DD967 /* Employee+CoreDataProperties.swift in Sources */,
			);
			runOnlyForDeploymentPostprocessing = 0;
		};
/* End PBXSourcesBuildPhase section */

/* Begin PBXVariantGroup section */
		823277001F429F2B000DD967 /* Main.storyboard */ = {
			isa = PBXVariantGroup;
			children = (
				823277011F429F2B000DD967 /* Base */,
			);
			name = Main.storyboard;
			sourceTree = "<group>";
		};
		823277081F429F2B000DD967 /* LaunchScreen.storyboard */ = {
			isa = PBXVariantGroup;
			children = (
				823277091F429F2B000DD967 /* Base */,
			);
			name = LaunchScreen.storyboard;
			sourceTree = "<group>";
		};
/* End PBXVariantGroup section */

/* Begin XCBuildConfiguration section */
		8232770C1F429F2B000DD967 /* Debug */ = {
			isa = XCBuildConfiguration;
			buildSettings = {
				ALWAYS_SEARCH_USER_PATHS = NO;
				CLANG_ANALYZER_NONNULL = YES;
				CLANG_ANALYZER_NUMBER_OBJECT_CONVERSION = YES_AGGRESSIVE;
				CLANG_CXX_LANGUAGE_STANDARD = "gnu++0x";
				CLANG_CXX_LIBRARY = "libc++";
				CLANG_ENABLE_MODULES = YES;
				CLANG_ENABLE_OBJC_ARC = YES;
				CLANG_WARN_BOOL_CONVERSION = YES;
				CLANG_WARN_CONSTANT_CONVERSION = YES;
				CLANG_WARN_DIRECT_OBJC_ISA_USAGE = YES_ERROR;
				CLANG_WARN_DOCUMENTATION_COMMENTS = YES;
				CLANG_WARN_EMPTY_BODY = YES;
				CLANG_WARN_ENUM_CONVERSION = YES;
				CLANG_WARN_INFINITE_RECURSION = YES;
				CLANG_WARN_INT_CONVERSION = YES;
				CLANG_WARN_OBJC_ROOT_CLASS = YES_ERROR;
				CLANG_WARN_SUSPICIOUS_MOVE = YES;
				CLANG_WARN_UNREACHABLE_CODE = YES;
				CLANG_WARN__DUPLICATE_METHOD_MATCH = YES;
				"CODE_SIGN_IDENTITY[sdk=iphoneos*]" = "iPhone Developer";
				COPY_PHASE_STRIP = NO;
				DEBUG_INFORMATION_FORMAT = dwarf;
				ENABLE_STRICT_OBJC_MSGSEND = YES;
				ENABLE_TESTABILITY = YES;
				GCC_C_LANGUAGE_STANDARD = gnu99;
				GCC_DYNAMIC_NO_PIC = NO;
				GCC_NO_COMMON_BLOCKS = YES;
				GCC_OPTIMIZATION_LEVEL = 0;
				GCC_PREPROCESSOR_DEFINITIONS = (
					"DEBUG=1",
					"$(inherited)",
				);
				GCC_WARN_64_TO_32_BIT_CONVERSION = YES;
				GCC_WARN_ABOUT_RETURN_TYPE = YES_ERROR;
				GCC_WARN_UNDECLARED_SELECTOR = YES;
				GCC_WARN_UNINITIALIZED_AUTOS = YES_AGGRESSIVE;
				GCC_WARN_UNUSED_FUNCTION = YES;
				GCC_WARN_UNUSED_VARIABLE = YES;
				IPHONEOS_DEPLOYMENT_TARGET = 10.3;
				MTL_ENABLE_DEBUG_INFO = YES;
				ONLY_ACTIVE_ARCH = YES;
				SDKROOT = iphoneos;
				SWIFT_ACTIVE_COMPILATION_CONDITIONS = DEBUG;
				SWIFT_OPTIMIZATION_LEVEL = "-Onone";
				TARGETED_DEVICE_FAMILY = "1,2";
			};
			name = Debug;
		};
		8232770D1F429F2B000DD967 /* Release */ = {
			isa = XCBuildConfiguration;
			buildSettings = {
				ALWAYS_SEARCH_USER_PATHS = NO;
				CLANG_ANALYZER_NONNULL = YES;
				CLANG_ANALYZER_NUMBER_OBJECT_CONVERSION = YES_AGGRESSIVE;
				CLANG_CXX_LANGUAGE_STANDARD = "gnu++0x";
				CLANG_CXX_LIBRARY = "libc++";
				CLANG_ENABLE_MODULES = YES;
				CLANG_ENABLE_OBJC_ARC = YES;
				CLANG_WARN_BOOL_CONVERSION = YES;
				CLANG_WARN_CONSTANT_CONVERSION = YES;
				CLANG_WARN_DIRECT_OBJC_ISA_USAGE = YES_ERROR;
				CLANG_WARN_DOCUMENTATION_COMMENTS = YES;
				CLANG_WARN_EMPTY_BODY = YES;
				CLANG_WARN_ENUM_CONVERSION = YES;
				CLANG_WARN_INFINITE_RECURSION = YES;
				CLANG_WARN_INT_CONVERSION = YES;
				CLANG_WARN_OBJC_ROOT_CLASS = YES_ERROR;
				CLANG_WARN_SUSPICIOUS_MOVE = YES;
				CLANG_WARN_UNREACHABLE_CODE = YES;
				CLANG_WARN__DUPLICATE_METHOD_MATCH = YES;
				"CODE_SIGN_IDENTITY[sdk=iphoneos*]" = "iPhone Developer";
				COPY_PHASE_STRIP = NO;
				DEBUG_INFORMATION_FORMAT = "dwarf-with-dsym";
				ENABLE_NS_ASSERTIONS = NO;
				ENABLE_STRICT_OBJC_MSGSEND = YES;
				GCC_C_LANGUAGE_STANDARD = gnu99;
				GCC_NO_COMMON_BLOCKS = YES;
				GCC_WARN_64_TO_32_BIT_CONVERSION = YES;
				GCC_WARN_ABOUT_RETURN_TYPE = YES_ERROR;
				GCC_WARN_UNDECLARED_SELECTOR = YES;
				GCC_WARN_UNINITIALIZED_AUTOS = YES_AGGRESSIVE;
				GCC_WARN_UNUSED_FUNCTION = YES;
				GCC_WARN_UNUSED_VARIABLE = YES;
				IPHONEOS_DEPLOYMENT_TARGET = 10.3;
				MTL_ENABLE_DEBUG_INFO = NO;
				SDKROOT = iphoneos;
				SWIFT_OPTIMIZATION_LEVEL = "-Owholemodule";
				TARGETED_DEVICE_FAMILY = "1,2";
				VALIDATE_PRODUCT = YES;
			};
			name = Release;
		};
		8232770F1F429F2B000DD967 /* Debug */ = {
			isa = XCBuildConfiguration;
			buildSettings = {
				ASSETCATALOG_COMPILER_APPICON_NAME = AppIcon;
				INFOPLIST_FILE = CoreDataDemo/Info.plist;
				LD_RUNPATH_SEARCH_PATHS = "$(inherited) @executable_path/Frameworks";
				PRODUCT_BUNDLE_IDENTIFIER = raj.com.CoreDataDemo;
				PRODUCT_NAME = "$(TARGET_NAME)";
				SWIFT_VERSION = 3.0;
			};
			name = Debug;
		};
		823277101F429F2B000DD967 /* Release */ = {
			isa = XCBuildConfiguration;
			buildSettings = {
				ASSETCATALOG_COMPILER_APPICON_NAME = AppIcon;
				INFOPLIST_FILE = CoreDataDemo/Info.plist;
				LD_RUNPATH_SEARCH_PATHS = "$(inherited) @executable_path/Frameworks";
				PRODUCT_BUNDLE_IDENTIFIER = raj.com.CoreDataDemo;
				PRODUCT_NAME = "$(TARGET_NAME)";
				SWIFT_VERSION = 3.0;
			};
			name = Release;
		};
/* End XCBuildConfiguration section */

/* Begin XCConfigurationList section */
		823276F41F429F2B000DD967 /* Build configuration list for PBXProject "CoreDataDemo" */ = {
			isa = XCConfigurationList;
			buildConfigurations = (
				8232770C1F429F2B000DD967 /* Debug */,
				8232770D1F429F2B000DD967 /* Release */,
			);
			defaultConfigurationIsVisible = 0;
			defaultConfigurationName = Release;
		};
		8232770E1F429F2B000DD967 /* Build configuration list for PBXNativeTarget "CoreDataDemo" */ = {
			isa = XCConfigurationList;
			buildConfigurations = (
				8232770F1F429F2B000DD967 /* Debug */,
				823277101F429F2B000DD967 /* Release */,
			);
			defaultConfigurationIsVisible = 0;
		};
/* End XCConfigurationList section */

/* Begin XCVersionGroup section */
		823277031F429F2B000DD967 /* CoreDataDemo.xcdatamodeld */ = {
			isa = XCVersionGroup;
			children = (
				823277041F429F2B000DD967 /* CoreDataDemo.xcdatamodel */,
			);
			currentVersion = 823277041F429F2B000DD967 /* CoreDataDemo.xcdatamodel */;
			path = CoreDataDemo.xcdatamodeld;
			sourceTree = "<group>";
			versionGroupType = wrapper.xcdatamodel;
		};
/* End XCVersionGroup section */
	};
	rootObject = 823276F11F429F2B000DD967 /* Project object */;
}
